# This file was autogenerated by Stack.
# You should not edit this file by hand.
# For more information, please see the documentation at:
#   https://docs.haskellstack.org/en/stable/lock_files

packages:
- completed:
    cabal-file:
      size: 2598
      sha256: 7752cb9498c46528e2acb946cacd744df05cf206ebefffb5211d578528ad11c2
    name: codecov-haskell
    version: 0.5.0
    git: https://github.com/amcknight/codecov-haskell.git
    pantry-tree:
      size: 1353
      sha256: 1b5f63e058d58e5293ba0ccd8522c544bbb6887c6be54e74f3b0d19fd147f45e
    commit: 53667bcdf2324c2ff5871b076c398ce77477c6ca
  original:
    git: https://github.com/amcknight/codecov-haskell.git
    commit: 53667bcdf2324c2ff5871b076c398ce77477c6ca
snapshots:
- completed:
    size: 524996
    url: https://raw.githubusercontent.com/commercialhaskell/stackage-snapshots/master/lts/14/27.yaml
    sha256: 7ea31a280c56bf36ff591a7397cc384d0dff622e7f9e4225b47d8980f019a0f0
  original: lts-14.27
